dependencies:
  bsp:
    dependencies: []
    source:
      path: Z:\DIYTOGETHER\DIYtogether\components\bsp
      type: local
    version: '*'
  core:
    dependencies: []
    source:
      path: Z:\DIYTOGETHER\DIYtogether\components\core
      type: local
    version: '*'
  esp_lcd_touch:
    dependencies: []
    source:
      path: Z:\DIYTOGETHER\DIYtogether\components_dependencies\esp_lcd_touch
      type: local
    version: 1.1.2
  esp_lvgl_port:
    dependencies: []
    source:
      path: Z:\DIYTOGETHER\DIYtogether\components_dependencies\esp_lvgl_port
      type: local
    version: 2.6.0
  espressif/cmake_utilities:
    dependencies: []
    source:
      path: Z:\DIYTOGETHER\DIYtogether\components_dependencies\espressif__cmake_utilities
      type: local
    version: 1.1.1
  espressif/esp_lcd_touch_cst816s:
    dependencies:
    - name: espressif/esp_lcd_touch
      public: true
      version: ^1.0.4
    - name: idf
      version: '>=4.4.2'
    source:
      path: Z:\DIYTOGETHER\DIYtogether\components\bsp\WS1.9TS\esp_lcd_touch_cst816s
      type: local
    version: 1.1.0
  idf:
    source:
      type: idf
    version: 5.3.2
  lvgl/lvgl:
    component_hash: b702d642e03e95928046d5c6726558e6444e112420c77efa5fdb6650b0a13c5d
    dependencies: []
    source:
      registry_url: https://components.espressif.com/
      type: service
    version: 9.3.0
  ui:
    dependencies: []
    source:
      path: Z:\DIYTOGETHER\DIYtogether\components\ui
      type: local
    version: '*'
  zlib:
    dependencies: []
    source:
      path: Z:\DIYTOGETHER\DIYtogether\components_dependencies\zlib
      type: local
    version: 1.3.1
direct_dependencies:
- bsp
- core
- espressif/cmake_utilities
- espressif/esp_lcd_touch_cst816s
- espressif/esp_lvgl_port
- espressif/zlib
- idf
- lvgl/lvgl
- ui
manifest_hash: e68f5ad00884824b67d14894a6d1cf780f6b849211dd289383ea371a009413fd
target: esp32c6
version: 2.0.0
